
Microsoft Visual Studio Solution File, Format Version 12.00
# Visual Studio for Mac
Project("{FAE04EC0-301F-11D3-BF4B-00C04F79EFBC}") = "ProductSortGame", "Assembly-CSharp.csproj", "{D4DFE555-E549-6804-C30F-0CD911B4B478}"
EndProject
Global
	GlobalSection(SolutionConfigurationPlatforms) = preSolution
		Debug|Any CPU = Debug|Any CPU
		Release|Any CPU = Release|Any CPU
	EndGlobalSection
	GlobalSection(ProjectConfigurationPlatforms) = postSolution
		{D4DFE555-E549-6804-C30F-0CD911B4B478}.Debug|Any CPU.ActiveCfg = Debug|Any CPU
		{D4DFE555-E549-6804-C30F-0CD911B4B478}.Debug|Any CPU.Build.0 = Debug|Any CPU
		{D4DFE555-E549-6804-C30F-0CD911B4B478}.Release|Any CPU.ActiveCfg = Release|Any CPU
		{D4DFE555-E549-6804-C30F-0CD911B4B478}.Release|Any CPU.Build.0 = Release|Any CPU
	EndGlobalSection
	GlobalSection(SolutionProperties) = preSolution
		HideSolutionNode = FALSE
	EndGlobalSection
EndGlobal
